
Microsoft Visual Studio Solution File, Format Version 12.00
# Visual Studio Version 17
VisualStudioVersion = 17.3.32922.545
MinimumVisualStudioVersion = 10.0.40219.1
Project("{9A19103F-16F7-4668-BE54-9A1E7A4F7556}") = "KooliProjekt", "KooliProjekt\KooliProjekt.csproj", "{B6064AB2-66AC-4896-9DFE-E8C97404F6E0}"
EndProject
Project("{9A19103F-16F7-4668-BE54-9A1E7A4F7556}") = "KooliProjekt.UnitTests", "KooliProjekt.UnitTests\KooliProjekt.UnitTests.csproj", "{41AB3309-84CB-497B-BFA2-A5BB689E0D73}"
EndProject
Project("{9A19103F-16F7-4668-BE54-9A1E7A4F7556}") = "KooliProjekt.IntegrationTests", "KooliProjekt.IntegrationTests\KooliProjekt.IntegrationTests.csproj", "{3A7D9D29-425C-86E8-EECE-B666CE7CD094}"
EndProject
Project("{9A19103F-16F7-4668-BE54-9A1E7A4F7556}") = "WpfApp1", "WpfApp1\WpfApp1.csproj", "{7944F1C8-2E23-4244-956D-D9FBA7C389E2}"
EndProject
Project("{9A19103F-16F7-4668-BE54-9A1E7A4F7556}") = "Kooliprojekt.WpfApp1.UnitTests", "Kooliprojekt.WpfApp1.UnitTests\Kooliprojekt.WpfApp1.UnitTests.csproj", "{7D0F00A7-5D17-4F99-BFC7-6309CD855F09}"
EndProject
Project("{9A19103F-16F7-4668-BE54-9A1E7A4F7556}") = "KooliProjekt.WinFormsApp", "..\..\..\Downloads\KooliProjekt.WinFormsApp\KooliProjekt.WinFormsApp\KooliProjekt.WinFormsApp.csproj", "{FF009A51-8EB1-41E5-A97C-D0937E3B7722}"
EndProject
Project("{9A19103F-16F7-4668-BE54-9A1E7A4F7556}") = "BlazorApp", "BlazorApp\BlazorApp.csproj", "{7151BA3A-9B0C-4B62-B3FF-6CF920EB543A}"
EndProject
Project("{9A19103F-16F7-4668-BE54-9A1E7A4F7556}") = "KooliProjekt.PublicApi", "KooliProjekt.PublicApi\KooliProjekt.PublicApi.csproj", "{7E0BE85E-8205-47FE-9B5A-E7D854CB4916}"
EndProject
Global
	GlobalSection(SolutionConfigurationPlatforms) = preSolution
		Debug|Any CPU = Debug|Any CPU
		Release|Any CPU = Release|Any CPU
	EndGlobalSection
	GlobalSection(ProjectConfigurationPlatforms) = postSolution
		{B6064AB2-66AC-4896-9DFE-E8C97404F6E0}.Debug|Any CPU.ActiveCfg = Debug|Any CPU
		{B6064AB2-66AC-4896-9DFE-E8C97404F6E0}.Debug|Any CPU.Build.0 = Debug|Any CPU
		{B6064AB2-66AC-4896-9DFE-E8C97404F6E0}.Release|Any CPU.ActiveCfg = Release|Any CPU
		{B6064AB2-66AC-4896-9DFE-E8C97404F6E0}.Release|Any CPU.Build.0 = Release|Any CPU
		{41AB3309-84CB-497B-BFA2-A5BB689E0D73}.Debug|Any CPU.ActiveCfg = Debug|Any CPU
		{41AB3309-84CB-497B-BFA2-A5BB689E0D73}.Debug|Any CPU.Build.0 = Debug|Any CPU
		{41AB3309-84CB-497B-BFA2-A5BB689E0D73}.Release|Any CPU.ActiveCfg = Release|Any CPU
		{41AB3309-84CB-497B-BFA2-A5BB689E0D73}.Release|Any CPU.Build.0 = Release|Any CPU
		{3A7D9D29-425C-86E8-EECE-B666CE7CD094}.Debug|Any CPU.ActiveCfg = Debug|Any CPU
		{3A7D9D29-425C-86E8-EECE-B666CE7CD094}.Debug|Any CPU.Build.0 = Debug|Any CPU
		{3A7D9D29-425C-86E8-EECE-B666CE7CD094}.Release|Any CPU.ActiveCfg = Release|Any CPU
		{3A7D9D29-425C-86E8-EECE-B666CE7CD094}.Release|Any CPU.Build.0 = Release|Any CPU
		{7944F1C8-2E23-4244-956D-D9FBA7C389E2}.Debug|Any CPU.ActiveCfg = Debug|Any CPU
		{7944F1C8-2E23-4244-956D-D9FBA7C389E2}.Debug|Any CPU.Build.0 = Debug|Any CPU
		{7944F1C8-2E23-4244-956D-D9FBA7C389E2}.Release|Any CPU.ActiveCfg = Release|Any CPU
		{7944F1C8-2E23-4244-956D-D9FBA7C389E2}.Release|Any CPU.Build.0 = Release|Any CPU
		{7D0F00A7-5D17-4F99-BFC7-6309CD855F09}.Debug|Any CPU.ActiveCfg = Debug|Any CPU
		{7D0F00A7-5D17-4F99-BFC7-6309CD855F09}.Debug|Any CPU.Build.0 = Debug|Any CPU
		{7D0F00A7-5D17-4F99-BFC7-6309CD855F09}.Release|Any CPU.ActiveCfg = Release|Any CPU
		{7D0F00A7-5D17-4F99-BFC7-6309CD855F09}.Release|Any CPU.Build.0 = Release|Any CPU
		{FF009A51-8EB1-41E5-A97C-D0937E3B7722}.Debug|Any CPU.ActiveCfg = Debug|Any CPU
		{FF009A51-8EB1-41E5-A97C-D0937E3B7722}.Debug|Any CPU.Build.0 = Debug|Any CPU
		{FF009A51-8EB1-41E5-A97C-D0937E3B7722}.Release|Any CPU.ActiveCfg = Release|Any CPU
		{FF009A51-8EB1-41E5-A97C-D0937E3B7722}.Release|Any CPU.Build.0 = Release|Any CPU
		{7151BA3A-9B0C-4B62-B3FF-6CF920EB543A}.Debug|Any CPU.ActiveCfg = Debug|Any CPU
		{7151BA3A-9B0C-4B62-B3FF-6CF920EB543A}.Debug|Any CPU.Build.0 = Debug|Any CPU
		{7151BA3A-9B0C-4B62-B3FF-6CF920EB543A}.Release|Any CPU.ActiveCfg = Release|Any CPU
		{7151BA3A-9B0C-4B62-B3FF-6CF920EB543A}.Release|Any CPU.Build.0 = Release|Any CPU
		{7E0BE85E-8205-47FE-9B5A-E7D854CB4916}.Debug|Any CPU.ActiveCfg = Debug|Any CPU
		{7E0BE85E-8205-47FE-9B5A-E7D854CB4916}.Debug|Any CPU.Build.0 = Debug|Any CPU
		{7E0BE85E-8205-47FE-9B5A-E7D854CB4916}.Release|Any CPU.ActiveCfg = Release|Any CPU
		{7E0BE85E-8205-47FE-9B5A-E7D854CB4916}.Release|Any CPU.Build.0 = Release|Any CPU
	EndGlobalSection
	GlobalSection(SolutionProperties) = preSolution
		HideSolutionNode = FALSE
	EndGlobalSection
	GlobalSection(ExtensibilityGlobals) = postSolution
		SolutionGuid = {792456E2-8406-497C-97E7-7999439674C1}
	EndGlobalSection
EndGlobal
