
Microsoft Visual Studio Solution File, Format Version 12.00
# Visual Studio Version 17
VisualStudioVersion = 17.11.35312.102
MinimumVisualStudioVersion = 10.0.40219.1
Project("{FAE04EC0-301F-11D3-BF4B-00C04F79EFBC}") = "TodoApi", "TodoApi\TodoApi.csproj", "{8F4F78DF-162E-42D2-8C86-31E8EA032A1A}"
EndProject
Global
	GlobalSection(SolutionConfigurationPlatforms) = preSolution
		Debug|Any CPU = Debug|Any CPU
		Release|Any CPU = Release|Any CPU
	EndGlobalSection
	GlobalSection(ProjectConfigurationPlatforms) = postSolution
		{8F4F78DF-162E-42D2-8C86-31E8EA032A1A}.Debug|Any CPU.ActiveCfg = Debug|Any CPU
		{8F4F78DF-162E-42D2-8C86-31E8EA032A1A}.Debug|Any CPU.Build.0 = Debug|Any CPU
		{8F4F78DF-162E-42D2-8C86-31E8EA032A1A}.Release|Any CPU.ActiveCfg = Release|Any CPU
		{8F4F78DF-162E-42D2-8C86-31E8EA032A1A}.Release|Any CPU.Build.0 = Release|Any CPU
	EndGlobalSection
	GlobalSection(SolutionProperties) = preSolution
		HideSolutionNode = FALSE
	EndGlobalSection
	GlobalSection(ExtensibilityGlobals) = postSolution
		SolutionGuid = {BB8FEB54-2B31-4307-BE8C-5AA7D78D153F}
	EndGlobalSection
EndGlobal
